
Microsoft Visual Studio Solution File, Format Version 12.00
# Visual Studio 14
VisualStudioVersion = 14.0.25420.1
MinimumVisualStudioVersion = 10.0.40219.1
Project("{FAE04EC0-301F-11D3-BF4B-00C04F79EFBC}") = "アンケート受付アプリ講座用", "アンケート受付アプリ講座用\アンケート受付アプリ講座用.csproj", "{C36C9478-AE21-41EC-9DCA-06C30AC2592D}"
EndProject
Global
	GlobalSection(SolutionConfigurationPlatforms) = preSolution
		Debug|Any CPU = Debug|Any CPU
		Release|Any CPU = Release|Any CPU
	EndGlobalSection
	GlobalSection(ProjectConfigurationPlatforms) = postSolution
		{C36C9478-AE21-41EC-9DCA-06C30AC2592D}.Debug|Any CPU.ActiveCfg = Debug|Any CPU
		{C36C9478-AE21-41EC-9DCA-06C30AC2592D}.Debug|Any CPU.Build.0 = Debug|Any CPU
		{C36C9478-AE21-41EC-9DCA-06C30AC2592D}.Release|Any CPU.ActiveCfg = Release|Any CPU
		{C36C9478-AE21-41EC-9DCA-06C30AC2592D}.Release|Any CPU.Build.0 = Release|Any CPU
	EndGlobalSection
	GlobalSection(SolutionProperties) = preSolution
		HideSolutionNode = FALSE
	EndGlobalSection
EndGlobal
